
Microsoft Visual Studio Solution File, Format Version 12.00
# Visual Studio Version 17
VisualStudioVersion = 17.8.34330.188
MinimumVisualStudioVersion = 10.0.40219.1
Project("{FAE04EC0-301F-11D3-BF4B-00C04F79EFBC}") = "Lab-03", "Lab-03.csproj", "{F97BECD1-77CF-4627-9E36-F7FC940DB563}"
EndProject
Global
	GlobalSection(SolutionConfigurationPlatforms) = preSolution
		Debug|Any CPU = Debug|Any CPU
		Release|Any CPU = Release|Any CPU
	EndGlobalSection
	GlobalSection(ProjectConfigurationPlatforms) = postSolution
		{F97BECD1-77CF-4627-9E36-F7FC940DB563}.Debug|Any CPU.ActiveCfg = Debug|Any CPU
		{F97BECD1-77CF-4627-9E36-F7FC940DB563}.Debug|Any CPU.Build.0 = Debug|Any CPU
		{F97BECD1-77CF-4627-9E36-F7FC940DB563}.Release|Any CPU.ActiveCfg = Release|Any CPU
		{F97BECD1-77CF-4627-9E36-F7FC940DB563}.Release|Any CPU.Build.0 = Release|Any CPU
	EndGlobalSection
	GlobalSection(SolutionProperties) = preSolution
		HideSolutionNode = FALSE
	EndGlobalSection
	GlobalSection(ExtensibilityGlobals) = postSolution
		SolutionGuid = {418E456E-FCA1-4FFA-9940-DA2216D767AF}
	EndGlobalSection
EndGlobal
